
Microsoft Visual Studio Solution File, Format Version 12.00
# Visual Studio Version 18
VisualStudioVersion = 18.3.11520.95
MinimumVisualStudioVersion = 10.0.40219.1
Project("{2150E333-8FDC-42A3-9474-1A3956D46DE8}") = "src", "src", "{827E0CD3-B72D-47B6-A68D-7590B98EB39B}"
EndProject
Project("{FAE04EC0-301F-11D3-BF4B-00C04F79EFBC}") = "AuctionService", "src\AuctionService\AuctionService.csproj", "{5FB64016-1CFE-493D-9CA6-00FACEEA0CFA}"
EndProject
Project("{FAE04EC0-301F-11D3-BF4B-00C04F79EFBC}") = "SearchService", "src\SearchService\SearchService.csproj", "{56F4F316-D2E2-4B5F-A460-5446F6640F61}"
EndProject
Project("{FAE04EC0-301F-11D3-BF4B-00C04F79EFBC}") = "Contracts", "src\Contracts\Contracts.csproj", "{76BD165C-8AEF-4124-BBC9-A593DF01709E}"
EndProject
Project("{FAE04EC0-301F-11D3-BF4B-00C04F79EFBC}") = "IdentityService", "src\IdentityService\IdentityService.csproj", "{22E7AC50-B80C-402C-A079-BD19AB9CA379}"
EndProject
Project("{FAE04EC0-301F-11D3-BF4B-00C04F79EFBC}") = "GatewayService", "src\GatewayService\GatewayService.csproj", "{ADF56C79-6049-4741-B890-0802EBC0EEE9}"
EndProject
Project("{2150E333-8FDC-42A3-9474-1A3956D46DE8}") = "tests", "tests", "{0AB3BF05-4346-4AA6-1389-037BE0695223}"
EndProject
Project("{FAE04EC0-301F-11D3-BF4B-00C04F79EFBC}") = "AuctionService.UnitTests", "tests\AuctionService.UnitTests\AuctionService.UnitTests.csproj", "{16D26408-6C69-4D71-B820-AA9011EE4E53}"
EndProject
Project("{FAE04EC0-301F-11D3-BF4B-00C04F79EFBC}") = "AuctionService.IntegrationTests", "tests\AuctionService.IntegrationTests\AuctionService.IntegrationTests.csproj", "{DB02E2D3-52F6-4DD6-8853-ADDAD16EBC25}"
EndProject
Project("{FAE04EC0-301F-11D3-BF4B-00C04F79EFBC}") = "BiddingService", "src\BiddingService\BiddingService.csproj", "{1F6AFFA0-AEC4-40FD-A76B-9250ABD77915}"
EndProject
Global
	GlobalSection(SolutionConfigurationPlatforms) = preSolution
		Debug|Any CPU = Debug|Any CPU
		Debug|x64 = Debug|x64
		Debug|x86 = Debug|x86
		Release|Any CPU = Release|Any CPU
		Release|x64 = Release|x64
		Release|x86 = Release|x86
	EndGlobalSection
	GlobalSection(ProjectConfigurationPlatforms) = postSolution
		{5FB64016-1CFE-493D-9CA6-00FACEEA0CFA}.Debug|Any CPU.ActiveCfg = Debug|Any CPU
		{5FB64016-1CFE-493D-9CA6-00FACEEA0CFA}.Debug|Any CPU.Build.0 = Debug|Any CPU
		{5FB64016-1CFE-493D-9CA6-00FACEEA0CFA}.Debug|x64.ActiveCfg = Debug|Any CPU
		{5FB64016-1CFE-493D-9CA6-00FACEEA0CFA}.Debug|x64.Build.0 = Debug|Any CPU
		{5FB64016-1CFE-493D-9CA6-00FACEEA0CFA}.Debug|x86.ActiveCfg = Debug|Any CPU
		{5FB64016-1CFE-493D-9CA6-00FACEEA0CFA}.Debug|x86.Build.0 = Debug|Any CPU
		{5FB64016-1CFE-493D-9CA6-00FACEEA0CFA}.Release|Any CPU.ActiveCfg = Release|Any CPU
		{5FB64016-1CFE-493D-9CA6-00FACEEA0CFA}.Release|Any CPU.Build.0 = Release|Any CPU
		{5FB64016-1CFE-493D-9CA6-00FACEEA0CFA}.Release|x64.ActiveCfg = Release|Any CPU
		{5FB64016-1CFE-493D-9CA6-00FACEEA0CFA}.Release|x64.Build.0 = Release|Any CPU
		{5FB64016-1CFE-493D-9CA6-00FACEEA0CFA}.Release|x86.ActiveCfg = Release|Any CPU
		{5FB64016-1CFE-493D-9CA6-00FACEEA0CFA}.Release|x86.Build.0 = Release|Any CPU
		{56F4F316-D2E2-4B5F-A460-5446F6640F61}.Debug|Any CPU.ActiveCfg = Debug|Any CPU
		{56F4F316-D2E2-4B5F-A460-5446F6640F61}.Debug|Any CPU.Build.0 = Debug|Any CPU
		{56F4F316-D2E2-4B5F-A460-5446F6640F61}.Debug|x64.ActiveCfg = Debug|Any CPU
		{56F4F316-D2E2-4B5F-A460-5446F6640F61}.Debug|x64.Build.0 = Debug|Any CPU
		{56F4F316-D2E2-4B5F-A460-5446F6640F61}.Debug|x86.ActiveCfg = Debug|Any CPU
		{56F4F316-D2E2-4B5F-A460-5446F6640F61}.Debug|x86.Build.0 = Debug|Any CPU
		{56F4F316-D2E2-4B5F-A460-5446F6640F61}.Release|Any CPU.ActiveCfg = Release|Any CPU
		{56F4F316-D2E2-4B5F-A460-5446F6640F61}.Release|Any CPU.Build.0 = Release|Any CPU
		{56F4F316-D2E2-4B5F-A460-5446F6640F61}.Release|x64.ActiveCfg = Release|Any CPU
		{56F4F316-D2E2-4B5F-A460-5446F6640F61}.Release|x64.Build.0 = Release|Any CPU
		{56F4F316-D2E2-4B5F-A460-5446F6640F61}.Release|x86.ActiveCfg = Release|Any CPU
		{56F4F316-D2E2-4B5F-A460-5446F6640F61}.Release|x86.Build.0 = Release|Any CPU
		{76BD165C-8AEF-4124-BBC9-A593DF01709E}.Debug|Any CPU.ActiveCfg = Debug|Any CPU
		{76BD165C-8AEF-4124-BBC9-A593DF01709E}.Debug|Any CPU.Build.0 = Debug|Any CPU
		{76BD165C-8AEF-4124-BBC9-A593DF01709E}.Debug|x64.ActiveCfg = Debug|Any CPU
		{76BD165C-8AEF-4124-BBC9-A593DF01709E}.Debug|x64.Build.0 = Debug|Any CPU
		{76BD165C-8AEF-4124-BBC9-A593DF01709E}.Debug|x86.ActiveCfg = Debug|Any CPU
		{76BD165C-8AEF-4124-BBC9-A593DF01709E}.Debug|x86.Build.0 = Debug|Any CPU
		{76BD165C-8AEF-4124-BBC9-A593DF01709E}.Release|Any CPU.ActiveCfg = Release|Any CPU
		{76BD165C-8AEF-4124-BBC9-A593DF01709E}.Release|Any CPU.Build.0 = Release|Any CPU
		{76BD165C-8AEF-4124-BBC9-A593DF01709E}.Release|x64.ActiveCfg = Release|Any CPU
		{76BD165C-8AEF-4124-BBC9-A593DF01709E}.Release|x64.Build.0 = Release|Any CPU
		{76BD165C-8AEF-4124-BBC9-A593DF01709E}.Release|x86.ActiveCfg = Release|Any CPU
		{76BD165C-8AEF-4124-BBC9-A593DF01709E}.Release|x86.Build.0 = Release|Any CPU
		{22E7AC50-B80C-402C-A079-BD19AB9CA379}.Debug|Any CPU.ActiveCfg = Debug|Any CPU
		{22E7AC50-B80C-402C-A079-BD19AB9CA379}.Debug|Any CPU.Build.0 = Debug|Any CPU
		{22E7AC50-B80C-402C-A079-BD19AB9CA379}.Debug|x64.ActiveCfg = Debug|Any CPU
		{22E7AC50-B80C-402C-A079-BD19AB9CA379}.Debug|x64.Build.0 = Debug|Any CPU
		{22E7AC50-B80C-402C-A079-BD19AB9CA379}.Debug|x86.ActiveCfg = Debug|Any CPU
		{22E7AC50-B80C-402C-A079-BD19AB9CA379}.Debug|x86.Build.0 = Debug|Any CPU
		{22E7AC50-B80C-402C-A079-BD19AB9CA379}.Release|Any CPU.ActiveCfg = Release|Any CPU
		{22E7AC50-B80C-402C-A079-BD19AB9CA379}.Release|Any CPU.Build.0 = Release|Any CPU
		{22E7AC50-B80C-402C-A079-BD19AB9CA379}.Release|x64.ActiveCfg = Release|Any CPU
		{22E7AC50-B80C-402C-A079-BD19AB9CA379}.Release|x64.Build.0 = Release|Any CPU
		{22E7AC50-B80C-402C-A079-BD19AB9CA379}.Release|x86.ActiveCfg = Release|Any CPU
		{22E7AC50-B80C-402C-A079-BD19AB9CA379}.Release|x86.Build.0 = Release|Any CPU
		{ADF56C79-6049-4741-B890-0802EBC0EEE9}.Debug|Any CPU.ActiveCfg = Debug|Any CPU
		{ADF56C79-6049-4741-B890-0802EBC0EEE9}.Debug|Any CPU.Build.0 = Debug|Any CPU
		{ADF56C79-6049-4741-B890-0802EBC0EEE9}.Debug|x64.ActiveCfg = Debug|Any CPU
		{ADF56C79-6049-4741-B890-0802EBC0EEE9}.Debug|x64.Build.0 = Debug|Any CPU
		{ADF56C79-6049-4741-B890-0802EBC0EEE9}.Debug|x86.ActiveCfg = Debug|Any CPU
		{ADF56C79-6049-4741-B890-0802EBC0EEE9}.Debug|x86.Build.0 = Debug|Any CPU
		{ADF56C79-6049-4741-B890-0802EBC0EEE9}.Release|Any CPU.ActiveCfg = Release|Any CPU
		{ADF56C79-6049-4741-B890-0802EBC0EEE9}.Release|Any CPU.Build.0 = Release|Any CPU
		{ADF56C79-6049-4741-B890-0802EBC0EEE9}.Release|x64.ActiveCfg = Release|Any CPU
		{ADF56C79-6049-4741-B890-0802EBC0EEE9}.Release|x64.Build.0 = Release|Any CPU
		{ADF56C79-6049-4741-B890-0802EBC0EEE9}.Release|x86.ActiveCfg = Release|Any CPU
		{ADF56C79-6049-4741-B890-0802EBC0EEE9}.Release|x86.Build.0 = Release|Any CPU
		{16D26408-6C69-4D71-B820-AA9011EE4E53}.Debug|Any CPU.ActiveCfg = Debug|Any CPU
		{16D26408-6C69-4D71-B820-AA9011EE4E53}.Debug|Any CPU.Build.0 = Debug|Any CPU
		{16D26408-6C69-4D71-B820-AA9011EE4E53}.Debug|x64.ActiveCfg = Debug|Any CPU
		{16D26408-6C69-4D71-B820-AA9011EE4E53}.Debug|x64.Build.0 = Debug|Any CPU
		{16D26408-6C69-4D71-B820-AA9011EE4E53}.Debug|x86.ActiveCfg = Debug|Any CPU
		{16D26408-6C69-4D71-B820-AA9011EE4E53}.Debug|x86.Build.0 = Debug|Any CPU
		{16D26408-6C69-4D71-B820-AA9011EE4E53}.Release|Any CPU.ActiveCfg = Release|Any CPU
		{16D26408-6C69-4D71-B820-AA9011EE4E53}.Release|Any CPU.Build.0 = Release|Any CPU
		{16D26408-6C69-4D71-B820-AA9011EE4E53}.Release|x64.ActiveCfg = Release|Any CPU
		{16D26408-6C69-4D71-B820-AA9011EE4E53}.Release|x64.Build.0 = Release|Any CPU
		{16D26408-6C69-4D71-B820-AA9011EE4E53}.Release|x86.ActiveCfg = Release|Any CPU
		{16D26408-6C69-4D71-B820-AA9011EE4E53}.Release|x86.Build.0 = Release|Any CPU
		{DB02E2D3-52F6-4DD6-8853-ADDAD16EBC25}.Debug|Any CPU.ActiveCfg = Debug|Any CPU
		{DB02E2D3-52F6-4DD6-8853-ADDAD16EBC25}.Debug|Any CPU.Build.0 = Debug|Any CPU
		{DB02E2D3-52F6-4DD6-8853-ADDAD16EBC25}.Debug|x64.ActiveCfg = Debug|Any CPU
		{DB02E2D3-52F6-4DD6-8853-ADDAD16EBC25}.Debug|x64.Build.0 = Debug|Any CPU
		{DB02E2D3-52F6-4DD6-8853-ADDAD16EBC25}.Debug|x86.ActiveCfg = Debug|Any CPU
		{DB02E2D3-52F6-4DD6-8853-ADDAD16EBC25}.Debug|x86.Build.0 = Debug|Any CPU
		{DB02E2D3-52F6-4DD6-8853-ADDAD16EBC25}.Release|Any CPU.ActiveCfg = Release|Any CPU
		{DB02E2D3-52F6-4DD6-8853-ADDAD16EBC25}.Release|Any CPU.Build.0 = Release|Any CPU
		{DB02E2D3-52F6-4DD6-8853-ADDAD16EBC25}.Release|x64.ActiveCfg = Release|Any CPU
		{DB02E2D3-52F6-4DD6-8853-ADDAD16EBC25}.Release|x64.Build.0 = Release|Any CPU
		{DB02E2D3-52F6-4DD6-8853-ADDAD16EBC25}.Release|x86.ActiveCfg = Release|Any CPU
		{DB02E2D3-52F6-4DD6-8853-ADDAD16EBC25}.Release|x86.Build.0 = Release|Any CPU
		{1F6AFFA0-AEC4-40FD-A76B-9250ABD77915}.Debug|Any CPU.ActiveCfg = Debug|Any CPU
		{1F6AFFA0-AEC4-40FD-A76B-9250ABD77915}.Debug|Any CPU.Build.0 = Debug|Any CPU
		{1F6AFFA0-AEC4-40FD-A76B-9250ABD77915}.Debug|x64.ActiveCfg = Debug|Any CPU
		{1F6AFFA0-AEC4-40FD-A76B-9250ABD77915}.Debug|x64.Build.0 = Debug|Any CPU
		{1F6AFFA0-AEC4-40FD-A76B-9250ABD77915}.Debug|x86.ActiveCfg = Debug|Any CPU
		{1F6AFFA0-AEC4-40FD-A76B-9250ABD77915}.Debug|x86.Build.0 = Debug|Any CPU
		{1F6AFFA0-AEC4-40FD-A76B-9250ABD77915}.Release|Any CPU.ActiveCfg = Release|Any CPU
		{1F6AFFA0-AEC4-40FD-A76B-9250ABD77915}.Release|Any CPU.Build.0 = Release|Any CPU
		{1F6AFFA0-AEC4-40FD-A76B-9250ABD77915}.Release|x64.ActiveCfg = Release|Any CPU
		{1F6AFFA0-AEC4-40FD-A76B-9250ABD77915}.Release|x64.Build.0 = Release|Any CPU
		{1F6AFFA0-AEC4-40FD-A76B-9250ABD77915}.Release|x86.ActiveCfg = Release|Any CPU
		{1F6AFFA0-AEC4-40FD-A76B-9250ABD77915}.Release|x86.Build.0 = Release|Any CPU
	EndGlobalSection
	GlobalSection(SolutionProperties) = preSolution
		HideSolutionNode = FALSE
	EndGlobalSection
	GlobalSection(NestedProjects) = preSolution
		{5FB64016-1CFE-493D-9CA6-00FACEEA0CFA} = {827E0CD3-B72D-47B6-A68D-7590B98EB39B}
		{56F4F316-D2E2-4B5F-A460-5446F6640F61} = {827E0CD3-B72D-47B6-A68D-7590B98EB39B}
		{76BD165C-8AEF-4124-BBC9-A593DF01709E} = {827E0CD3-B72D-47B6-A68D-7590B98EB39B}
		{22E7AC50-B80C-402C-A079-BD19AB9CA379} = {827E0CD3-B72D-47B6-A68D-7590B98EB39B}
		{ADF56C79-6049-4741-B890-0802EBC0EEE9} = {827E0CD3-B72D-47B6-A68D-7590B98EB39B}
		{16D26408-6C69-4D71-B820-AA9011EE4E53} = {0AB3BF05-4346-4AA6-1389-037BE0695223}
		{DB02E2D3-52F6-4DD6-8853-ADDAD16EBC25} = {0AB3BF05-4346-4AA6-1389-037BE0695223}
		{1F6AFFA0-AEC4-40FD-A76B-9250ABD77915} = {827E0CD3-B72D-47B6-A68D-7590B98EB39B}
	EndGlobalSection
	GlobalSection(ExtensibilityGlobals) = postSolution
		SolutionGuid = {734E5C41-50FC-461E-A819-F50B6A0D91CE}
	EndGlobalSection
EndGlobal
